{
  "pins" : [
    {
      "identity" : "activityindicatorview",
      "kind" : "remoteSourceControl",
      "location" : "https://github.com/exyte/ActivityIndicatorView",
      "state" : {
        "revision" : "9970fd0bb7a05dad0b6566ae1f56937716686b24",
        "version" : "1.1.1"
      }
    },
    {
      "identity" : "swiftcsv",
      "kind" : "remoteSourceControl",
      "location" : "https://github.com/swiftcsv/SwiftCSV",
      "state" : {
        "revision" : "b61dcd1b2b1120e751cee4cd64a16ff10364885d",
        "version" : "0.9.1"
      }
    }
  ],
  "version" : 2
}
